{
  "version": 4,
  "terraform_version": "1.6.4",
  "serial": 16,
  "lineage": "58e99386-e5fa-a418-8aad-2485361f4043",
  "outputs": {},
  "resources": [
    {
      "mode": "managed",
      "type": "google_compute_firewall",
      "name": "allow_nodeports",
      "provider": "provider[\"registry.terraform.io/hashicorp/google\"]",
      "instances": [
        {
          "schema_version": 1,
          "attributes": {
            "allow": [
              {
                "ports": [
                  "80",
                  "8080",
                  "1000-2000",
                  "22",
                  "3000-4000"
                ],
                "protocol": "tcp"
              },
              {
                "ports": [],
                "protocol": "icmp"
              }
            ],
            "creation_timestamp": "2024-01-19T06:04:35.339-08:00",
            "deny": [],
            "description": "",
            "destination_ranges": [],
            "direction": "INGRESS",
            "disabled": false,
            "enable_logging": null,
            "id": "projects/advterraform-test/global/firewalls/allow-nodeports",
            "log_config": [],
            "name": "allow-nodeports",
            "network": "https://www.googleapis.com/compute/v1/projects/advterraform-test/global/networks/default",
            "priority": 1000,
            "project": "advterraform-test",
            "self_link": "https://www.googleapis.com/compute/v1/projects/advterraform-test/global/firewalls/allow-nodeports",
            "source_ranges": [
              "0.0.0.0/0"
            ],
            "source_service_accounts": [],
            "source_tags": [],
            "target_service_accounts": [],
            "target_tags": [],
            "timeouts": null
          },
          "sensitive_attributes": [],
          "private": "eyJlMmJmYjczMC1lY2FhLTExZTYtOGY4OC0zNDM2M2JjN2M0YzAiOnsiY3JlYXRlIjoxMjAwMDAwMDAwMDAwLCJkZWxldGUiOjEyMDAwMDAwMDAwMDAsInVwZGF0ZSI6MTIwMDAwMDAwMDAwMH0sInNjaGVtYV92ZXJzaW9uIjoiMSJ9"
        }
      ]
    },
    {
      "mode": "managed",
      "type": "google_compute_instance",
      "name": "jenkins",
      "provider": "provider[\"registry.terraform.io/hashicorp/google\"]",
      "instances": [
        {
          "schema_version": 6,
          "attributes": {
            "advanced_machine_features": [],
            "allow_stopping_for_update": null,
            "attached_disk": [],
            "boot_disk": [
              {
                "auto_delete": true,
                "device_name": "persistent-disk-0",
                "disk_encryption_key_raw": "",
                "disk_encryption_key_sha256": "",
                "initialize_params": [
                  {
                    "image": "https://www.googleapis.com/compute/v1/projects/ubuntu-os-cloud/global/images/ubuntu-2004-focal-v20240110",
                    "labels": {},
                    "provisioned_iops": 0,
                    "provisioned_throughput": 0,
                    "resource_manager_tags": null,
                    "size": 40,
                    "type": "pd-standard"
                  }
                ],
                "kms_key_self_link": "",
                "mode": "READ_WRITE",
                "source": "https://www.googleapis.com/compute/v1/projects/advterraform-test/zones/me-central1-a/disks/jenkins"
              }
            ],
            "can_ip_forward": false,
            "confidential_instance_config": [],
            "cpu_platform": "Intel Broadwell",
            "current_status": "RUNNING",
            "deletion_protection": false,
            "description": "",
            "desired_status": null,
            "effective_labels": {},
            "enable_display": false,
            "guest_accelerator": [],
            "hostname": "",
            "id": "projects/advterraform-test/zones/me-central1-a/instances/jenkins",
            "instance_id": "7608629456714279506",
            "label_fingerprint": "42WmSpB8rSM=",
            "labels": null,
            "machine_type": "e2-medium",
            "metadata": {
              "ssh-keys": "emre:ssh-rsa AAAAB3NzaC1yc2EAAAADAQABAAABAQCntxeeFcq6t3/gQUO0UNJCVnP4/AF/z49/mevNnVbngDwuZLkIxaayCmoH/aE2dwKWKGBx8U+KNfCeDodacbvLHb9Zg0fbVSxCHjwN9eONgh9ghua38VRSYE2yp61FuA6BC3EbOObM8YfQs35emYfCg9Ld8XoclPCV44bt7WuUNW464Lzq8N78kyXq3BqP6KoruJZEFZVCvbMpG+S6MY+dqh2IKHYgNILrGA3iMQOjcEk8aJ/zFg5dhNNJs+FAJo52ClMAiy7SM7GaYEwrICcOC6g8jxKZwlL3fqOIJeJXwVvO60DHCV7KydR8Zj7j6dFVWc9FPGVjGNZh/9FkKwZJ emre@DESKTOP-VEAIIB9\n"
            },
            "metadata_fingerprint": "PRRlPF6DDwU=",
            "metadata_startup_script": null,
            "min_cpu_platform": "",
            "name": "jenkins",
            "network_interface": [
              {
                "access_config": [
                  {
                    "nat_ip": "34.18.37.1",
                    "network_tier": "PREMIUM",
                    "public_ptr_domain_name": ""
                  }
                ],
                "alias_ip_range": [],
                "internal_ipv6_prefix_length": 0,
                "ipv6_access_config": [],
                "ipv6_access_type": "",
                "ipv6_address": "",
                "name": "nic0",
                "network": "https://www.googleapis.com/compute/v1/projects/advterraform-test/global/networks/default",
                "network_ip": "10.212.0.10",
                "nic_type": "",
                "queue_count": 0,
                "stack_type": "IPV4_ONLY",
                "subnetwork": "https://www.googleapis.com/compute/v1/projects/advterraform-test/regions/me-central1/subnetworks/default",
                "subnetwork_project": "advterraform-test"
              }
            ],
            "network_performance_config": [],
            "params": [],
            "project": "advterraform-test",
            "reservation_affinity": [],
            "resource_policies": null,
            "scheduling": [
              {
                "automatic_restart": true,
                "instance_termination_action": "",
                "local_ssd_recovery_timeout": [],
                "min_node_cpus": 0,
                "node_affinities": [],
                "on_host_maintenance": "MIGRATE",
                "preemptible": false,
                "provisioning_model": "STANDARD"
              }
            ],
            "scratch_disk": [],
            "self_link": "https://www.googleapis.com/compute/v1/projects/advterraform-test/zones/me-central1-a/instances/jenkins",
            "service_account": [],
            "shielded_instance_config": [
              {
                "enable_integrity_monitoring": true,
                "enable_secure_boot": false,
                "enable_vtpm": true
              }
            ],
            "tags": null,
            "tags_fingerprint": "42WmSpB8rSM=",
            "terraform_labels": {},
            "timeouts": null,
            "zone": "me-central1-a"
          },
          "sensitive_attributes": [],
          "private": "eyJlMmJmYjczMC1lY2FhLTExZTYtOGY4OC0zNDM2M2JjN2M0YzAiOnsiY3JlYXRlIjoxMjAwMDAwMDAwMDAwLCJkZWxldGUiOjEyMDAwMDAwMDAwMDAsInVwZGF0ZSI6MTIwMDAwMDAwMDAwMH0sInNjaGVtYV92ZXJzaW9uIjoiNiJ9"
        }
      ]
    },
    {
      "mode": "managed",
      "type": "google_compute_instance",
      "name": "k8s_master",
      "provider": "provider[\"registry.terraform.io/hashicorp/google\"]",
      "instances": [
        {
          "schema_version": 6,
          "attributes": {
            "advanced_machine_features": [],
            "allow_stopping_for_update": null,
            "attached_disk": [],
            "boot_disk": [
              {
                "auto_delete": true,
                "device_name": "persistent-disk-0",
                "disk_encryption_key_raw": "",
                "disk_encryption_key_sha256": "",
                "initialize_params": [
                  {
                    "image": "https://www.googleapis.com/compute/v1/projects/ubuntu-os-cloud/global/images/ubuntu-2004-focal-v20240110",
                    "labels": {},
                    "provisioned_iops": 0,
                    "provisioned_throughput": 0,
                    "resource_manager_tags": {},
                    "size": 50,
                    "type": "pd-standard"
                  }
                ],
                "kms_key_self_link": "",
                "mode": "READ_WRITE",
                "source": "https://www.googleapis.com/compute/v1/projects/advterraform-test/zones/me-central1-a/disks/k8s-master"
              }
            ],
            "can_ip_forward": false,
            "confidential_instance_config": [],
            "cpu_platform": "Intel Broadwell",
            "current_status": "RUNNING",
            "deletion_protection": false,
            "description": "",
            "desired_status": null,
            "effective_labels": {},
            "enable_display": false,
            "guest_accelerator": [],
            "hostname": "",
            "id": "projects/advterraform-test/zones/me-central1-a/instances/k8s-master",
            "instance_id": "4707014899464092674",
            "label_fingerprint": "42WmSpB8rSM=",
            "labels": {},
            "machine_type": "e2-medium",
            "metadata": {
              "ssh-keys": "emre:ssh-rsa AAAAB3NzaC1yc2EAAAADAQABAAABAQCntxeeFcq6t3/gQUO0UNJCVnP4/AF/z49/mevNnVbngDwuZLkIxaayCmoH/aE2dwKWKGBx8U+KNfCeDodacbvLHb9Zg0fbVSxCHjwN9eONgh9ghua38VRSYE2yp61FuA6BC3EbOObM8YfQs35emYfCg9Ld8XoclPCV44bt7WuUNW464Lzq8N78kyXq3BqP6KoruJZEFZVCvbMpG+S6MY+dqh2IKHYgNILrGA3iMQOjcEk8aJ/zFg5dhNNJs+FAJo52ClMAiy7SM7GaYEwrICcOC6g8jxKZwlL3fqOIJeJXwVvO60DHCV7KydR8Zj7j6dFVWc9FPGVjGNZh/9FkKwZJ emre@DESKTOP-VEAIIB9\n"
            },
            "metadata_fingerprint": "PRRlPF6DDwU=",
            "metadata_startup_script": null,
            "min_cpu_platform": "",
            "name": "k8s-master",
            "network_interface": [
              {
                "access_config": [
                  {
                    "nat_ip": "34.18.18.112",
                    "network_tier": "PREMIUM",
                    "public_ptr_domain_name": ""
                  }
                ],
                "alias_ip_range": [],
                "internal_ipv6_prefix_length": 0,
                "ipv6_access_config": [],
                "ipv6_access_type": "",
                "ipv6_address": "",
                "name": "nic0",
                "network": "https://www.googleapis.com/compute/v1/projects/advterraform-test/global/networks/default",
                "network_ip": "10.212.0.8",
                "nic_type": "",
                "queue_count": 0,
                "stack_type": "IPV4_ONLY",
                "subnetwork": "https://www.googleapis.com/compute/v1/projects/advterraform-test/regions/me-central1/subnetworks/default",
                "subnetwork_project": "advterraform-test"
              }
            ],
            "network_performance_config": [],
            "params": [],
            "project": "advterraform-test",
            "reservation_affinity": [],
            "resource_policies": [],
            "scheduling": [
              {
                "automatic_restart": true,
                "instance_termination_action": "",
                "local_ssd_recovery_timeout": [],
                "min_node_cpus": 0,
                "node_affinities": [],
                "on_host_maintenance": "MIGRATE",
                "preemptible": false,
                "provisioning_model": "STANDARD"
              }
            ],
            "scratch_disk": [],
            "self_link": "https://www.googleapis.com/compute/v1/projects/advterraform-test/zones/me-central1-a/instances/k8s-master",
            "service_account": [],
            "shielded_instance_config": [
              {
                "enable_integrity_monitoring": true,
                "enable_secure_boot": false,
                "enable_vtpm": true
              }
            ],
            "tags": [],
            "tags_fingerprint": "42WmSpB8rSM=",
            "terraform_labels": {},
            "timeouts": null,
            "zone": "me-central1-a"
          },
          "sensitive_attributes": [],
          "private": "eyJlMmJmYjczMC1lY2FhLTExZTYtOGY4OC0zNDM2M2JjN2M0YzAiOnsiY3JlYXRlIjoxMjAwMDAwMDAwMDAwLCJkZWxldGUiOjEyMDAwMDAwMDAwMDAsInVwZGF0ZSI6MTIwMDAwMDAwMDAwMH0sInNjaGVtYV92ZXJzaW9uIjoiNiJ9"
        }
      ]
    },
    {
      "mode": "managed",
      "type": "google_compute_instance",
      "name": "k8s_worker",
      "provider": "provider[\"registry.terraform.io/hashicorp/google\"]",
      "instances": [
        {
          "schema_version": 6,
          "attributes": {
            "advanced_machine_features": [],
            "allow_stopping_for_update": null,
            "attached_disk": [],
            "boot_disk": [
              {
                "auto_delete": true,
                "device_name": "persistent-disk-0",
                "disk_encryption_key_raw": "",
                "disk_encryption_key_sha256": "",
                "initialize_params": [
                  {
                    "image": "https://www.googleapis.com/compute/v1/projects/ubuntu-os-cloud/global/images/ubuntu-2004-focal-v20240110",
                    "labels": {},
                    "provisioned_iops": 0,
                    "provisioned_throughput": 0,
                    "resource_manager_tags": {},
                    "size": 50,
                    "type": "pd-standard"
                  }
                ],
                "kms_key_self_link": "",
                "mode": "READ_WRITE",
                "source": "https://www.googleapis.com/compute/v1/projects/advterraform-test/zones/me-central1-a/disks/k8s-worker"
              }
            ],
            "can_ip_forward": false,
            "confidential_instance_config": [],
            "cpu_platform": "Intel Broadwell",
            "current_status": "RUNNING",
            "deletion_protection": false,
            "description": "",
            "desired_status": null,
            "effective_labels": {},
            "enable_display": false,
            "guest_accelerator": [],
            "hostname": "",
            "id": "projects/advterraform-test/zones/me-central1-a/instances/k8s-worker",
            "instance_id": "5402509416245705729",
            "label_fingerprint": "42WmSpB8rSM=",
            "labels": {},
            "machine_type": "e2-medium",
            "metadata": {
              "ssh-keys": "emre:ssh-rsa AAAAB3NzaC1yc2EAAAADAQABAAABAQCntxeeFcq6t3/gQUO0UNJCVnP4/AF/z49/mevNnVbngDwuZLkIxaayCmoH/aE2dwKWKGBx8U+KNfCeDodacbvLHb9Zg0fbVSxCHjwN9eONgh9ghua38VRSYE2yp61FuA6BC3EbOObM8YfQs35emYfCg9Ld8XoclPCV44bt7WuUNW464Lzq8N78kyXq3BqP6KoruJZEFZVCvbMpG+S6MY+dqh2IKHYgNILrGA3iMQOjcEk8aJ/zFg5dhNNJs+FAJo52ClMAiy7SM7GaYEwrICcOC6g8jxKZwlL3fqOIJeJXwVvO60DHCV7KydR8Zj7j6dFVWc9FPGVjGNZh/9FkKwZJ emre@DESKTOP-VEAIIB9\n"
            },
            "metadata_fingerprint": "PRRlPF6DDwU=",
            "metadata_startup_script": null,
            "min_cpu_platform": "",
            "name": "k8s-worker",
            "network_interface": [
              {
                "access_config": [
                  {
                    "nat_ip": "34.18.58.126",
                    "network_tier": "PREMIUM",
                    "public_ptr_domain_name": ""
                  }
                ],
                "alias_ip_range": [],
                "internal_ipv6_prefix_length": 0,
                "ipv6_access_config": [],
                "ipv6_access_type": "",
                "ipv6_address": "",
                "name": "nic0",
                "network": "https://www.googleapis.com/compute/v1/projects/advterraform-test/global/networks/default",
                "network_ip": "10.212.0.9",
                "nic_type": "",
                "queue_count": 0,
                "stack_type": "IPV4_ONLY",
                "subnetwork": "https://www.googleapis.com/compute/v1/projects/advterraform-test/regions/me-central1/subnetworks/default",
                "subnetwork_project": "advterraform-test"
              }
            ],
            "network_performance_config": [],
            "params": [],
            "project": "advterraform-test",
            "reservation_affinity": [],
            "resource_policies": [],
            "scheduling": [
              {
                "automatic_restart": true,
                "instance_termination_action": "",
                "local_ssd_recovery_timeout": [],
                "min_node_cpus": 0,
                "node_affinities": [],
                "on_host_maintenance": "MIGRATE",
                "preemptible": false,
                "provisioning_model": "STANDARD"
              }
            ],
            "scratch_disk": [],
            "self_link": "https://www.googleapis.com/compute/v1/projects/advterraform-test/zones/me-central1-a/instances/k8s-worker",
            "service_account": [],
            "shielded_instance_config": [
              {
                "enable_integrity_monitoring": true,
                "enable_secure_boot": false,
                "enable_vtpm": true
              }
            ],
            "tags": [],
            "tags_fingerprint": "42WmSpB8rSM=",
            "terraform_labels": {},
            "timeouts": null,
            "zone": "me-central1-a"
          },
          "sensitive_attributes": [],
          "private": "eyJlMmJmYjczMC1lY2FhLTExZTYtOGY4OC0zNDM2M2JjN2M0YzAiOnsiY3JlYXRlIjoxMjAwMDAwMDAwMDAwLCJkZWxldGUiOjEyMDAwMDAwMDAwMDAsInVwZGF0ZSI6MTIwMDAwMDAwMDAwMH0sInNjaGVtYV92ZXJzaW9uIjoiNiJ9"
        }
      ]
    }
  ],
  "check_results": null
}
